
Microsoft Visual Studio Solution File, Format Version 12.00
# Visual Studio 15
VisualStudioVersion = 15.0.26730.12
MinimumVisualStudioVersion = 10.0.40219.1
Project("{FAE04EC0-301F-11D3-BF4B-00C04F79EFBC}") = "WindowsFormsApp5", "WindowsFormsApp5\WindowsFormsApp5.csproj", "{844F1410-4B14-40D8-8045-92AFA20B4B40}"
EndProject
Global
	GlobalSection(SolutionConfigurationPlatforms) = preSolution
		Debug|Any CPU = Debug|Any CPU
		Release|Any CPU = Release|Any CPU
	EndGlobalSection
	GlobalSection(ProjectConfigurationPlatforms) = postSolution
		{844F1410-4B14-40D8-8045-92AFA20B4B40}.Debug|Any CPU.ActiveCfg = Debug|Any CPU
		{844F1410-4B14-40D8-8045-92AFA20B4B40}.Debug|Any CPU.Build.0 = Debug|Any CPU
		{844F1410-4B14-40D8-8045-92AFA20B4B40}.Release|Any CPU.ActiveCfg = Release|Any CPU
		{844F1410-4B14-40D8-8045-92AFA20B4B40}.Release|Any CPU.Build.0 = Release|Any CPU
	EndGlobalSection
	GlobalSection(SolutionProperties) = preSolution
		HideSolutionNode = FALSE
	EndGlobalSection
	GlobalSection(ExtensibilityGlobals) = postSolution
		SolutionGuid = {6B684565-4086-42A8-B451-45A6334C1FDA}
	EndGlobalSection
EndGlobal
